// !$*UTF8*$!
{
	archiveVersion = 1;
	classes = {
	};
	objectVersion = 56;
	objects = {

/* Begin PBXBuildFile section */
		40B81291D9F4D80267D4AB4B /* Pods_testCoinTests.framework in Frameworks */ = {isa = PBXBuildFile; fileRef = 8377623E65CD9E0F68E8F4E3 /* Pods_testCoinTests.framework */; };
		6643E0392A2C355F00E20C18 /* AppDelegate.swift in Sources */ = {isa = PBXBuildFile; fileRef = 6643E0382A2C355F00E20C18 /* AppDelegate.swift */; };
		6643E03B2A2C355F00E20C18 /* SceneDelegate.swift in Sources */ = {isa = PBXBuildFile; fileRef = 6643E03A2A2C355F00E20C18 /* SceneDelegate.swift */; };
		6643E03D2A2C355F00E20C18 /* ViewController.swift in Sources */ = {isa = PBXBuildFile; fileRef = 6643E03C2A2C355F00E20C18 /* ViewController.swift */; };
		6643E0402A2C355F00E20C18 /* Main.storyboard in Resources */ = {isa = PBXBuildFile; fileRef = 6643E03E2A2C355F00E20C18 /* Main.storyboard */; };
		6643E0422A2C355F00E20C18 /* Assets.xcassets in Resources */ = {isa = PBXBuildFile; fileRef = 6643E0412A2C355F00E20C18 /* Assets.xcassets */; };
		6643E0452A2C355F00E20C18 /* LaunchScreen.storyboard in Resources */ = {isa = PBXBuildFile; fileRef = 6643E0432A2C355F00E20C18 /* LaunchScreen.storyboard */; };
		6643E0502A2C356000E20C18 /* testCoinTests.swift in Sources */ = {isa = PBXBuildFile; fileRef = 6643E04F2A2C356000E20C18 /* testCoinTests.swift */; };
		6643E05A2A2C356000E20C18 /* testCoinUITests.swift in Sources */ = {isa = PBXBuildFile; fileRef = 6643E0592A2C356000E20C18 /* testCoinUITests.swift */; };
		6643E05C2A2C356000E20C18 /* testCoinUITestsLaunchTests.swift in Sources */ = {isa = PBXBuildFile; fileRef = 6643E05B2A2C356000E20C18 /* testCoinUITestsLaunchTests.swift */; };
		6643E0692A2C400800E20C18 /* Util.swift in Sources */ = {isa = PBXBuildFile; fileRef = 6643E0682A2C400800E20C18 /* Util.swift */; };
		6643E06D2A2C4A0A00E20C18 /* priceTableViewCell.swift in Sources */ = {isa = PBXBuildFile; fileRef = 6643E06B2A2C4A0A00E20C18 /* priceTableViewCell.swift */; };
		6643E06E2A2C4A0A00E20C18 /* priceTableViewCell.xib in Resources */ = {isa = PBXBuildFile; fileRef = 6643E06C2A2C4A0A00E20C18 /* priceTableViewCell.xib */; };
		6643E0702A2C4A1A00E20C18 /* historyViewController.swift in Sources */ = {isa = PBXBuildFile; fileRef = 6643E06F2A2C4A1A00E20C18 /* historyViewController.swift */; };
		6643E0722A2C562F00E20C18 /* bonusViewController.swift in Sources */ = {isa = PBXBuildFile; fileRef = 6643E0712A2C562F00E20C18 /* bonusViewController.swift */; };
		6643E0742A2C56A500E20C18 /* fibViewController.swift in Sources */ = {isa = PBXBuildFile; fileRef = 6643E0732A2C56A500E20C18 /* fibViewController.swift */; };
		6643E0762A2C5E8100E20C18 /* primeViewController.swift in Sources */ = {isa = PBXBuildFile; fileRef = 6643E0752A2C5E8100E20C18 /* primeViewController.swift */; };
		6643E0782A2C788D00E20C18 /* compareViewController.swift in Sources */ = {isa = PBXBuildFile; fileRef = 6643E0772A2C788D00E20C18 /* compareViewController.swift */; };
		B82A5A9F19B14482EDB7666B /* Pods_testCoin.framework in Frameworks */ = {isa = PBXBuildFile; fileRef = 484EA497E600C9A3D66E59D4 /* Pods_testCoin.framework */; };
		C988713CA8CDB7058BDA524F /* Pods_testCoin_testCoinUITests.framework in Frameworks */ = {isa = PBXBuildFile; fileRef = 1316422ED95390E11A9D25F9 /* Pods_testCoin_testCoinUITests.framework */; };
/* End PBXBuildFile section */

/* Begin PBXContainerItemProxy section */
		6643E04C2A2C356000E20C18 /* PBXContainerItemProxy */ = {
			isa = PBXContainerItemProxy;
			containerPortal = 6643E02D2A2C355F00E20C18 /* Project object */;
			proxyType = 1;
			remoteGlobalIDString = 6643E0342A2C355F00E20C18;
			remoteInfo = testCoin;
		};
		6643E0562A2C356000E20C18 /* PBXContainerItemProxy */ = {
			isa = PBXContainerItemProxy;
			containerPortal = 6643E02D2A2C355F00E20C18 /* Project object */;
			proxyType = 1;
			remoteGlobalIDString = 6643E0342A2C355F00E20C18;
			remoteInfo = testCoin;
		};
/* End PBXContainerItemProxy section */

/* Begin PBXFileReference section */
		1316422ED95390E11A9D25F9 /* Pods_testCoin_testCoinUITests.framework */ = {isa = PBXFileReference; explicitFileType = wrapper.framework; includeInIndex = 0; path = Pods_testCoin_testCoinUITests.framework; sourceTree = BUILT_PRODUCTS_DIR; };
		2E2391BED7D565A42FB3B0CA /* Pods-testCoin-testCoinUITests.debug.xcconfig */ = {isa = PBXFileReference; includeInIndex = 1; lastKnownFileType = text.xcconfig; name = "Pods-testCoin-testCoinUITests.debug.xcconfig"; path = "Target Support Files/Pods-testCoin-testCoinUITests/Pods-testCoin-testCoinUITests.debug.xcconfig"; sourceTree = "<group>"; };
		37BB22E1107145288EA4E1A8 /* Pods-testCoin.release.xcconfig */ = {isa = PBXFileReference; includeInIndex = 1; lastKnownFileType = text.xcconfig; name = "Pods-testCoin.release.xcconfig"; path = "Target Support Files/Pods-testCoin/Pods-testCoin.release.xcconfig"; sourceTree = "<group>"; };
		383D18315A74B5D9C4A45925 /* Pods-testCoinTests.debug.xcconfig */ = {isa = PBXFileReference; includeInIndex = 1; lastKnownFileType = text.xcconfig; name = "Pods-testCoinTests.debug.xcconfig"; path = "Target Support Files/Pods-testCoinTests/Pods-testCoinTests.debug.xcconfig"; sourceTree = "<group>"; };
		484EA497E600C9A3D66E59D4 /* Pods_testCoin.framework */ = {isa = PBXFileReference; explicitFileType = wrapper.framework; includeInIndex = 0; path = Pods_testCoin.framework; sourceTree = BUILT_PRODUCTS_DIR; };
		6643E0352A2C355F00E20C18 /* testCoin.app */ = {isa = PBXFileReference; explicitFileType = wrapper.application; includeInIndex = 0; path = testCoin.app; sourceTree = BUILT_PRODUCTS_DIR; };
		6643E0382A2C355F00E20C18 /* AppDelegate.swift */ = {isa = PBXFileReference; lastKnownFileType = sourcecode.swift; path = AppDelegate.swift; sourceTree = "<group>"; };
		6643E03A2A2C355F00E20C18 /* SceneDelegate.swift */ = {isa = PBXFileReference; lastKnownFileType = sourcecode.swift; path = SceneDelegate.swift; sourceTree = "<group>"; };
		6643E03C2A2C355F00E20C18 /* ViewController.swift */ = {isa = PBXFileReference; lastKnownFileType = sourcecode.swift; path = ViewController.swift; sourceTree = "<group>"; };
		6643E03F2A2C355F00E20C18 /* Base */ = {isa = PBXFileReference; lastKnownFileType = file.storyboard; name = Base; path = Base.lproj/Main.storyboard; sourceTree = "<group>"; };
		6643E0412A2C355F00E20C18 /* Assets.xcassets */ = {isa = PBXFileReference; lastKnownFileType = folder.assetcatalog; path = Assets.xcassets; sourceTree = "<group>"; };
		6643E0442A2C355F00E20C18 /* Base */ = {isa = PBXFileReference; lastKnownFileType = file.storyboard; name = Base; path = Base.lproj/LaunchScreen.storyboard; sourceTree = "<group>"; };
		6643E0462A2C355F00E20C18 /* Info.plist */ = {isa = PBXFileReference; lastKnownFileType = text.plist.xml; path = Info.plist; sourceTree = "<group>"; };
		6643E04B2A2C356000E20C18 /* testCoinTests.xctest */ = {isa = PBXFileReference; explicitFileType = wrapper.cfbundle; includeInIndex = 0; path = testCoinTests.xctest; sourceTree = BUILT_PRODUCTS_DIR; };
		6643E04F2A2C356000E20C18 /* testCoinTests.swift */ = {isa = PBXFileReference; lastKnownFileType = sourcecode.swift; path = testCoinTests.swift; sourceTree = "<group>"; };
		6643E0552A2C356000E20C18 /* testCoinUITests.xctest */ = {isa = PBXFileReference; explicitFileType = wrapper.cfbundle; includeInIndex = 0; path = testCoinUITests.xctest; sourceTree = BUILT_PRODUCTS_DIR; };
		6643E0592A2C356000E20C18 /* testCoinUITests.swift */ = {isa = PBXFileReference; lastKnownFileType = sourcecode.swift; path = testCoinUITests.swift; sourceTree = "<group>"; };
		6643E05B2A2C356000E20C18 /* testCoinUITestsLaunchTests.swift */ = {isa = PBXFileReference; lastKnownFileType = sourcecode.swift; path = testCoinUITestsLaunchTests.swift; sourceTree = "<group>"; };
		6643E0682A2C400800E20C18 /* Util.swift */ = {isa = PBXFileReference; lastKnownFileType = sourcecode.swift; path = Util.swift; sourceTree = "<group>"; };
		6643E06B2A2C4A0A00E20C18 /* priceTableViewCell.swift */ = {isa = PBXFileReference; lastKnownFileType = sourcecode.swift; path = priceTableViewCell.swift; sourceTree = "<group>"; };
		6643E06C2A2C4A0A00E20C18 /* priceTableViewCell.xib */ = {isa = PBXFileReference; lastKnownFileType = file.xib; path = priceTableViewCell.xib; sourceTree = "<group>"; };
		6643E06F2A2C4A1A00E20C18 /* historyViewController.swift */ = {isa = PBXFileReference; lastKnownFileType = sourcecode.swift; path = historyViewController.swift; sourceTree = "<group>"; };
		6643E0712A2C562F00E20C18 /* bonusViewController.swift */ = {isa = PBXFileReference; lastKnownFileType = sourcecode.swift; path = bonusViewController.swift; sourceTree = "<group>"; };
		6643E0732A2C56A500E20C18 /* fibViewController.swift */ = {isa = PBXFileReference; lastKnownFileType = sourcecode.swift; path = fibViewController.swift; sourceTree = "<group>"; };
		6643E0752A2C5E8100E20C18 /* primeViewController.swift */ = {isa = PBXFileReference; lastKnownFileType = sourcecode.swift; path = primeViewController.swift; sourceTree = "<group>"; };
		6643E0772A2C788D00E20C18 /* compareViewController.swift */ = {isa = PBXFileReference; lastKnownFileType = sourcecode.swift; path = compareViewController.swift; sourceTree = "<group>"; };
		8377623E65CD9E0F68E8F4E3 /* Pods_testCoinTests.framework */ = {isa = PBXFileReference; explicitFileType = wrapper.framework; includeInIndex = 0; path = Pods_testCoinTests.framework; sourceTree = BUILT_PRODUCTS_DIR; };
		8462C44D909C26EF691BC135 /* Pods-testCoinTests.release.xcconfig */ = {isa = PBXFileReference; includeInIndex = 1; lastKnownFileType = text.xcconfig; name = "Pods-testCoinTests.release.xcconfig"; path = "Target Support Files/Pods-testCoinTests/Pods-testCoinTests.release.xcconfig"; sourceTree = "<group>"; };
		864071F21FAFB3D68B4238DF /* Pods-testCoin.debug.xcconfig */ = {isa = PBXFileReference; includeInIndex = 1; lastKnownFileType = text.xcconfig; name = "Pods-testCoin.debug.xcconfig"; path = "Target Support Files/Pods-testCoin/Pods-testCoin.debug.xcconfig"; sourceTree = "<group>"; };
		D1798E09E5B6F4E7D37370C5 /* Pods-testCoin-testCoinUITests.release.xcconfig */ = {isa = PBXFileReference; includeInIndex = 1; lastKnownFileType = text.xcconfig; name = "Pods-testCoin-testCoinUITests.release.xcconfig"; path = "Target Support Files/Pods-testCoin-testCoinUITests/Pods-testCoin-testCoinUITests.release.xcconfig"; sourceTree = "<group>"; };
/* End PBXFileReference section */

/* Begin PBXFrameworksBuildPhase section */
		6643E0322A2C355F00E20C18 /* Frameworks */ = {
			isa = PBXFrameworksBuildPhase;
			buildActionMask = 2147483647;
			files = (
				B82A5A9F19B14482EDB7666B /* Pods_testCoin.framework in Frameworks */,
			);
			runOnlyForDeploymentPostprocessing = 0;
		};
		6643E0482A2C356000E20C18 /* Frameworks */ = {
			isa = PBXFrameworksBuildPhase;
			buildActionMask = 2147483647;
			files = (
				40B81291D9F4D80267D4AB4B /* Pods_testCoinTests.framework in Frameworks */,
			);
			runOnlyForDeploymentPostprocessing = 0;
		};
		6643E0522A2C356000E20C18 /* Frameworks */ = {
			isa = PBXFrameworksBuildPhase;
			buildActionMask = 2147483647;
			files = (
				C988713CA8CDB7058BDA524F /* Pods_testCoin_testCoinUITests.framework in Frameworks */,
			);
			runOnlyForDeploymentPostprocessing = 0;
		};
/* End PBXFrameworksBuildPhase section */

/* Begin PBXGroup section */
		6643E02C2A2C355F00E20C18 = {
			isa = PBXGroup;
			children = (
				6643E0372A2C355F00E20C18 /* testCoin */,
				6643E04E2A2C356000E20C18 /* testCoinTests */,
				6643E0582A2C356000E20C18 /* testCoinUITests */,
				6643E0362A2C355F00E20C18 /* Products */,
				A72E7587F5A6FABCE20BE812 /* Pods */,
				858FFE9BF243F25C4987ECE5 /* Frameworks */,
			);
			sourceTree = "<group>";
		};
		6643E0362A2C355F00E20C18 /* Products */ = {
			isa = PBXGroup;
			children = (
				6643E0352A2C355F00E20C18 /* testCoin.app */,
				6643E04B2A2C356000E20C18 /* testCoinTests.xctest */,
				6643E0552A2C356000E20C18 /* testCoinUITests.xctest */,
			);
			name = Products;
			sourceTree = "<group>";
		};
		6643E0372A2C355F00E20C18 /* testCoin */ = {
			isa = PBXGroup;
			children = (
				6643E06A2A2C49F600E20C18 /* cell */,
				6643E0382A2C355F00E20C18 /* AppDelegate.swift */,
				6643E03A2A2C355F00E20C18 /* SceneDelegate.swift */,
				6643E03C2A2C355F00E20C18 /* ViewController.swift */,
				6643E03E2A2C355F00E20C18 /* Main.storyboard */,
				6643E0412A2C355F00E20C18 /* Assets.xcassets */,
				6643E0432A2C355F00E20C18 /* LaunchScreen.storyboard */,
				6643E0462A2C355F00E20C18 /* Info.plist */,
				6643E0682A2C400800E20C18 /* Util.swift */,
				6643E06F2A2C4A1A00E20C18 /* historyViewController.swift */,
				6643E0712A2C562F00E20C18 /* bonusViewController.swift */,
				6643E0732A2C56A500E20C18 /* fibViewController.swift */,
				6643E0752A2C5E8100E20C18 /* primeViewController.swift */,
				6643E0772A2C788D00E20C18 /* compareViewController.swift */,
			);
			path = testCoin;
			sourceTree = "<group>";
		};
		6643E04E2A2C356000E20C18 /* testCoinTests */ = {
			isa = PBXGroup;
			children = (
				6643E04F2A2C356000E20C18 /* testCoinTests.swift */,
			);
			path = testCoinTests;
			sourceTree = "<group>";
		};
		6643E0582A2C356000E20C18 /* testCoinUITests */ = {
			isa = PBXGroup;
			children = (
				6643E0592A2C356000E20C18 /* testCoinUITests.swift */,
				6643E05B2A2C356000E20C18 /* testCoinUITestsLaunchTests.swift */,
			);
			path = testCoinUITests;
			sourceTree = "<group>";
		};
		6643E06A2A2C49F600E20C18 /* cell */ = {
			isa = PBXGroup;
			children = (
				6643E06B2A2C4A0A00E20C18 /* priceTableViewCell.swift */,
				6643E06C2A2C4A0A00E20C18 /* priceTableViewCell.xib */,
			);
			path = cell;
			sourceTree = "<group>";
		};
		858FFE9BF243F25C4987ECE5 /* Frameworks */ = {
			isa = PBXGroup;
			children = (
				484EA497E600C9A3D66E59D4 /* Pods_testCoin.framework */,
				1316422ED95390E11A9D25F9 /* Pods_testCoin_testCoinUITests.framework */,
				8377623E65CD9E0F68E8F4E3 /* Pods_testCoinTests.framework */,
			);
			name = Frameworks;
			sourceTree = "<group>";
		};
		A72E7587F5A6FABCE20BE812 /* Pods */ = {
			isa = PBXGroup;
			children = (
				864071F21FAFB3D68B4238DF /* Pods-testCoin.debug.xcconfig */,
				37BB22E1107145288EA4E1A8 /* Pods-testCoin.release.xcconfig */,
				2E2391BED7D565A42FB3B0CA /* Pods-testCoin-testCoinUITests.debug.xcconfig */,
				D1798E09E5B6F4E7D37370C5 /* Pods-testCoin-testCoinUITests.release.xcconfig */,
				383D18315A74B5D9C4A45925 /* Pods-testCoinTests.debug.xcconfig */,
				8462C44D909C26EF691BC135 /* Pods-testCoinTests.release.xcconfig */,
			);
			path = Pods;
			sourceTree = "<group>";
		};
/* End PBXGroup section */

/* Begin PBXNativeTarget section */
		6643E0342A2C355F00E20C18 /* testCoin */ = {
			isa = PBXNativeTarget;
			buildConfigurationList = 6643E05F2A2C356000E20C18 /* Build configuration list for PBXNativeTarget "testCoin" */;
			buildPhases = (
				E5E98CCDC3BC187C55ADFBC1 /* [CP] Check Pods Manifest.lock */,
				6643E0312A2C355F00E20C18 /* Sources */,
				6643E0322A2C355F00E20C18 /* Frameworks */,
				6643E0332A2C355F00E20C18 /* Resources */,
				C7E357D3EA80EBD814695D20 /* [CP] Embed Pods Frameworks */,
			);
			buildRules = (
			);
			dependencies = (
			);
			name = testCoin;
			productName = testCoin;
			productReference = 6643E0352A2C355F00E20C18 /* testCoin.app */;
			productType = "com.apple.product-type.application";
		};
		6643E04A2A2C356000E20C18 /* testCoinTests */ = {
			isa = PBXNativeTarget;
			buildConfigurationList = 6643E0622A2C356000E20C18 /* Build configuration list for PBXNativeTarget "testCoinTests" */;
			buildPhases = (
				BF3E937A542C394BEEF9E17F /* [CP] Check Pods Manifest.lock */,
				6643E0472A2C356000E20C18 /* Sources */,
				6643E0482A2C356000E20C18 /* Frameworks */,
				6643E0492A2C356000E20C18 /* Resources */,
			);
			buildRules = (
			);
			dependencies = (
				6643E04D2A2C356000E20C18 /* PBXTargetDependency */,
			);
			name = testCoinTests;
			productName = testCoinTests;
			productReference = 6643E04B2A2C356000E20C18 /* testCoinTests.xctest */;
			productType = "com.apple.product-type.bundle.unit-test";
		};
		6643E0542A2C356000E20C18 /* testCoinUITests */ = {
			isa = PBXNativeTarget;
			buildConfigurationList = 6643E0652A2C356000E20C18 /* Build configuration list for PBXNativeTarget "testCoinUITests" */;
			buildPhases = (
				867E445A3100D399D520C7BF /* [CP] Check Pods Manifest.lock */,
				6643E0512A2C356000E20C18 /* Sources */,
				6643E0522A2C356000E20C18 /* Frameworks */,
				6643E0532A2C356000E20C18 /* Resources */,
				B61E4C69D976BAC95A7ED7CC /* [CP] Embed Pods Frameworks */,
			);
			buildRules = (
			);
			dependencies = (
				6643E0572A2C356000E20C18 /* PBXTargetDependency */,
			);
			name = testCoinUITests;
			productName = testCoinUITests;
			productReference = 6643E0552A2C356000E20C18 /* testCoinUITests.xctest */;
			productType = "com.apple.product-type.bundle.ui-testing";
		};
/* End PBXNativeTarget section */

/* Begin PBXProject section */
		6643E02D2A2C355F00E20C18 /* Project object */ = {
			isa = PBXProject;
			attributes = {
				BuildIndependentTargetsInParallel = 1;
				LastSwiftUpdateCheck = 1430;
				LastUpgradeCheck = 1430;
				TargetAttributes = {
					6643E0342A2C355F00E20C18 = {
						CreatedOnToolsVersion = 14.3;
					};
					6643E04A2A2C356000E20C18 = {
						CreatedOnToolsVersion = 14.3;
						TestTargetID = 6643E0342A2C355F00E20C18;
					};
					6643E0542A2C356000E20C18 = {
						CreatedOnToolsVersion = 14.3;
						TestTargetID = 6643E0342A2C355F00E20C18;
					};
				};
			};
			buildConfigurationList = 6643E0302A2C355F00E20C18 /* Build configuration list for PBXProject "testCoin" */;
			compatibilityVersion = "Xcode 14.0";
			developmentRegion = en;
			hasScannedForEncodings = 0;
			knownRegions = (
				en,
				Base,
			);
			mainGroup = 6643E02C2A2C355F00E20C18;
			productRefGroup = 6643E0362A2C355F00E20C18 /* Products */;
			projectDirPath = "";
			projectRoot = "";
			targets = (
				6643E0342A2C355F00E20C18 /* testCoin */,
				6643E04A2A2C356000E20C18 /* testCoinTests */,
				6643E0542A2C356000E20C18 /* testCoinUITests */,
			);
		};
/* End PBXProject section */

/* Begin PBXResourcesBuildPhase section */
		6643E0332A2C355F00E20C18 /* Resources */ = {
			isa = PBXResourcesBuildPhase;
			buildActionMask = 2147483647;
			files = (
				6643E0452A2C355F00E20C18 /* LaunchScreen.storyboard in Resources */,
				6643E06E2A2C4A0A00E20C18 /* priceTableViewCell.xib in Resources */,
				6643E0422A2C355F00E20C18 /* Assets.xcassets in Resources */,
				6643E0402A2C355F00E20C18 /* Main.storyboard in Resources */,
			);
			runOnlyForDeploymentPostprocessing = 0;
		};
		6643E0492A2C356000E20C18 /* Resources */ = {
			isa = PBXResourcesBuildPhase;
			buildActionMask = 2147483647;
			files = (
			);
			runOnlyForDeploymentPostprocessing = 0;
		};
		6643E0532A2C356000E20C18 /* Resources */ = {
			isa = PBXResourcesBuildPhase;
			buildActionMask = 2147483647;
			files = (
			);
			runOnlyForDeploymentPostprocessing = 0;
		};
/* End PBXResourcesBuildPhase section */

/* Begin PBXShellScriptBuildPhase section */
		867E445A3100D399D520C7BF /* [CP] Check Pods Manifest.lock */ = {
			isa = PBXShellScriptBuildPhase;
			buildActionMask = 2147483647;
			files = (
			);
			inputFileListPaths = (
			);
			inputPaths = (
				"${PODS_PODFILE_DIR_PATH}/Podfile.lock",
				"${PODS_ROOT}/Manifest.lock",
			);
			name = "[CP] Check Pods Manifest.lock";
			outputFileListPaths = (
			);
			outputPaths = (
				"$(DERIVED_FILE_DIR)/Pods-testCoin-testCoinUITests-checkManifestLockResult.txt",
			);
			runOnlyForDeploymentPostprocessing = 0;
			shellPath = /bin/sh;
			shellScript = "diff \"${PODS_PODFILE_DIR_PATH}/Podfile.lock\" \"${PODS_ROOT}/Manifest.lock\" > /dev/null\nif [ $? != 0 ] ; then\n    # print error to STDERR\n    echo \"error: The sandbox is not in sync with the Podfile.lock. Run 'pod install' or update your CocoaPods installation.\" >&2\n    exit 1\nfi\n# This output is used by Xcode 'outputs' to avoid re-running this script phase.\necho \"SUCCESS\" > \"${SCRIPT_OUTPUT_FILE_0}\"\n";
			showEnvVarsInLog = 0;
		};
		B61E4C69D976BAC95A7ED7CC /* [CP] Embed Pods Frameworks */ = {
			isa = PBXShellScriptBuildPhase;
			buildActionMask = 2147483647;
			files = (
			);
			inputFileListPaths = (
				"${PODS_ROOT}/Target Support Files/Pods-testCoin-testCoinUITests/Pods-testCoin-testCoinUITests-frameworks-${CONFIGURATION}-input-files.xcfilelist",
			);
			name = "[CP] Embed Pods Frameworks";
			outputFileListPaths = (
				"${PODS_ROOT}/Target Support Files/Pods-testCoin-testCoinUITests/Pods-testCoin-testCoinUITests-frameworks-${CONFIGURATION}-output-files.xcfilelist",
			);
			runOnlyForDeploymentPostprocessing = 0;
			shellPath = /bin/sh;
			shellScript = "\"${PODS_ROOT}/Target Support Files/Pods-testCoin-testCoinUITests/Pods-testCoin-testCoinUITests-frameworks.sh\"\n";
			showEnvVarsInLog = 0;
		};
		BF3E937A542C394BEEF9E17F /* [CP] Check Pods Manifest.lock */ = {
			isa = PBXShellScriptBuildPhase;
			buildActionMask = 2147483647;
			files = (
			);
			inputFileListPaths = (
			);
			inputPaths = (
				"${PODS_PODFILE_DIR_PATH}/Podfile.lock",
				"${PODS_ROOT}/Manifest.lock",
			);
			name = "[CP] Check Pods Manifest.lock";
			outputFileListPaths = (
			);
			outputPaths = (
				"$(DERIVED_FILE_DIR)/Pods-testCoinTests-checkManifestLockResult.txt",
			);
			runOnlyForDeploymentPostprocessing = 0;
			shellPath = /bin/sh;
			shellScript = "diff \"${PODS_PODFILE_DIR_PATH}/Podfile.lock\" \"${PODS_ROOT}/Manifest.lock\" > /dev/null\nif [ $? != 0 ] ; then\n    # print error to STDERR\n    echo \"error: The sandbox is not in sync with the Podfile.lock. Run 'pod install' or update your CocoaPods installation.\" >&2\n    exit 1\nfi\n# This output is used by Xcode 'outputs' to avoid re-running this script phase.\necho \"SUCCESS\" > \"${SCRIPT_OUTPUT_FILE_0}\"\n";
			showEnvVarsInLog = 0;
		};
		C7E357D3EA80EBD814695D20 /* [CP] Embed Pods Frameworks */ = {
			isa = PBXShellScriptBuildPhase;
			buildActionMask = 2147483647;
			files = (
			);
			inputFileListPaths = (
				"${PODS_ROOT}/Target Support Files/Pods-testCoin/Pods-testCoin-frameworks-${CONFIGURATION}-input-files.xcfilelist",
			);
			name = "[CP] Embed Pods Frameworks";
			outputFileListPaths = (
				"${PODS_ROOT}/Target Support Files/Pods-testCoin/Pods-testCoin-frameworks-${CONFIGURATION}-output-files.xcfilelist",
			);
			runOnlyForDeploymentPostprocessing = 0;
			shellPath = /bin/sh;
			shellScript = "\"${PODS_ROOT}/Target Support Files/Pods-testCoin/Pods-testCoin-frameworks.sh\"\n";
			showEnvVarsInLog = 0;
		};
		E5E98CCDC3BC187C55ADFBC1 /* [CP] Check Pods Manifest.lock */ = {
			isa = PBXShellScriptBuildPhase;
			buildActionMask = 2147483647;
			files = (
			);
			inputFileListPaths = (
			);
			inputPaths = (
				"${PODS_PODFILE_DIR_PATH}/Podfile.lock",
				"${PODS_ROOT}/Manifest.lock",
			);
			name = "[CP] Check Pods Manifest.lock";
			outputFileListPaths = (
			);
			outputPaths = (
				"$(DERIVED_FILE_DIR)/Pods-testCoin-checkManifestLockResult.txt",
			);
			runOnlyForDeploymentPostprocessing = 0;
			shellPath = /bin/sh;
			shellScript = "diff \"${PODS_PODFILE_DIR_PATH}/Podfile.lock\" \"${PODS_ROOT}/Manifest.lock\" > /dev/null\nif [ $? != 0 ] ; then\n    # print error to STDERR\n    echo \"error: The sandbox is not in sync with the Podfile.lock. Run 'pod install' or update your CocoaPods installation.\" >&2\n    exit 1\nfi\n# This output is used by Xcode 'outputs' to avoid re-running this script phase.\necho \"SUCCESS\" > \"${SCRIPT_OUTPUT_FILE_0}\"\n";
			showEnvVarsInLog = 0;
		};
/* End PBXShellScriptBuildPhase section */

/* Begin PBXSourcesBuildPhase section */
		6643E0312A2C355F00E20C18 /* Sources */ = {
			isa = PBXSourcesBuildPhase;
			buildActionMask = 2147483647;
			files = (
				6643E03D2A2C355F00E20C18 /* ViewController.swift in Sources */,
				6643E06D2A2C4A0A00E20C18 /* priceTableViewCell.swift in Sources */,
				6643E0762A2C5E8100E20C18 /* primeViewController.swift in Sources */,
				6643E0742A2C56A500E20C18 /* fibViewController.swift in Sources */,
				6643E0392A2C355F00E20C18 /* AppDelegate.swift in Sources */,
				6643E03B2A2C355F00E20C18 /* SceneDelegate.swift in Sources */,
				6643E0692A2C400800E20C18 /* Util.swift in Sources */,
				6643E0722A2C562F00E20C18 /* bonusViewController.swift in Sources */,
				6643E0782A2C788D00E20C18 /* compareViewController.swift in Sources */,
				6643E0702A2C4A1A00E20C18 /* historyViewController.swift in Sources */,
			);
			runOnlyForDeploymentPostprocessing = 0;
		};
		6643E0472A2C356000E20C18 /* Sources */ = {
			isa = PBXSourcesBuildPhase;
			buildActionMask = 2147483647;
			files = (
				6643E0502A2C356000E20C18 /* testCoinTests.swift in Sources */,
			);
			runOnlyForDeploymentPostprocessing = 0;
		};
		6643E0512A2C356000E20C18 /* Sources */ = {
			isa = PBXSourcesBuildPhase;
			buildActionMask = 2147483647;
			files = (
				6643E05C2A2C356000E20C18 /* testCoinUITestsLaunchTests.swift in Sources */,
				6643E05A2A2C356000E20C18 /* testCoinUITests.swift in Sources */,
			);
			runOnlyForDeploymentPostprocessing = 0;
		};
/* End PBXSourcesBuildPhase section */

/* Begin PBXTargetDependency section */
		6643E04D2A2C356000E20C18 /* PBXTargetDependency */ = {
			isa = PBXTargetDependency;
			target = 6643E0342A2C355F00E20C18 /* testCoin */;
			targetProxy = 6643E04C2A2C356000E20C18 /* PBXContainerItemProxy */;
		};
		6643E0572A2C356000E20C18 /* PBXTargetDependency */ = {
			isa = PBXTargetDependency;
			target = 6643E0342A2C355F00E20C18 /* testCoin */;
			targetProxy = 6643E0562A2C356000E20C18 /* PBXContainerItemProxy */;
		};
/* End PBXTargetDependency section */

/* Begin PBXVariantGroup section */
		6643E03E2A2C355F00E20C18 /* Main.storyboard */ = {
			isa = PBXVariantGroup;
			children = (
				6643E03F2A2C355F00E20C18 /* Base */,
			);
			name = Main.storyboard;
			sourceTree = "<group>";
		};
		6643E0432A2C355F00E20C18 /* LaunchScreen.storyboard */ = {
			isa = PBXVariantGroup;
			children = (
				6643E0442A2C355F00E20C18 /* Base */,
			);
			name = LaunchScreen.storyboard;
			sourceTree = "<group>";
		};
/* End PBXVariantGroup section */

/* Begin XCBuildConfiguration section */
		6643E05D2A2C356000E20C18 /* Debug */ = {
			isa = XCBuildConfiguration;
			buildSettings = {
				ALWAYS_SEARCH_USER_PATHS = NO;
				CLANG_ANALYZER_NONNULL = YES;
				CLANG_ANALYZER_NUMBER_OBJECT_CONVERSION = YES_AGGRESSIVE;
				CLANG_CXX_LANGUAGE_STANDARD = "gnu++20";
				CLANG_ENABLE_MODULES = YES;
				CLANG_ENABLE_OBJC_ARC = YES;
				CLANG_ENABLE_OBJC_WEAK = YES;
				CLANG_WARN_BLOCK_CAPTURE_AUTORELEASING = YES;
				CLANG_WARN_BOOL_CONVERSION = YES;
				CLANG_WARN_COMMA = YES;
				CLANG_WARN_CONSTANT_CONVERSION = YES;
				CLANG_WARN_DEPRECATED_OBJC_IMPLEMENTATIONS = YES;
				CLANG_WARN_DIRECT_OBJC_ISA_USAGE = YES_ERROR;
				CLANG_WARN_DOCUMENTATION_COMMENTS = YES;
				CLANG_WARN_EMPTY_BODY = YES;
				CLANG_WARN_ENUM_CONVERSION = YES;
				CLANG_WARN_INFINITE_RECURSION = YES;
				CLANG_WARN_INT_CONVERSION = YES;
				CLANG_WARN_NON_LITERAL_NULL_CONVERSION = YES;
				CLANG_WARN_OBJC_IMPLICIT_RETAIN_SELF = YES;
				CLANG_WARN_OBJC_LITERAL_CONVERSION = YES;
				CLANG_WARN_OBJC_ROOT_CLASS = YES_ERROR;
				CLANG_WARN_QUOTED_INCLUDE_IN_FRAMEWORK_HEADER = YES;
				CLANG_WARN_RANGE_LOOP_ANALYSIS = YES;
				CLANG_WARN_STRICT_PROTOTYPES = YES;
				CLANG_WARN_SUSPICIOUS_MOVE = YES;
				CLANG_WARN_UNGUARDED_AVAILABILITY = YES_AGGRESSIVE;
				CLANG_WARN_UNREACHABLE_CODE = YES;
				CLANG_WARN__DUPLICATE_METHOD_MATCH = YES;
				COPY_PHASE_STRIP = NO;
				DEBUG_INFORMATION_FORMAT = dwarf;
				ENABLE_STRICT_OBJC_MSGSEND = YES;
				ENABLE_TESTABILITY = YES;
				GCC_C_LANGUAGE_STANDARD = gnu11;
				GCC_DYNAMIC_NO_PIC = NO;
				GCC_NO_COMMON_BLOCKS = YES;
				GCC_OPTIMIZATION_LEVEL = 0;
				GCC_PREPROCESSOR_DEFINITIONS = (
					"DEBUG=1",
					"$(inherited)",
				);
				GCC_WARN_64_TO_32_BIT_CONVERSION = YES;
				GCC_WARN_ABOUT_RETURN_TYPE = YES_ERROR;
				GCC_WARN_UNDECLARED_SELECTOR = YES;
				GCC_WARN_UNINITIALIZED_AUTOS = YES_AGGRESSIVE;
				GCC_WARN_UNUSED_FUNCTION = YES;
				GCC_WARN_UNUSED_VARIABLE = YES;
				IPHONEOS_DEPLOYMENT_TARGET = 16.4;
				MTL_ENABLE_DEBUG_INFO = INCLUDE_SOURCE;
				MTL_FAST_MATH = YES;
				ONLY_ACTIVE_ARCH = YES;
				SDKROOT = iphoneos;
				SWIFT_ACTIVE_COMPILATION_CONDITIONS = DEBUG;
				SWIFT_OPTIMIZATION_LEVEL = "-Onone";
			};
			name = Debug;
		};
		6643E05E2A2C356000E20C18 /* Release */ = {
			isa = XCBuildConfiguration;
			buildSettings = {
				ALWAYS_SEARCH_USER_PATHS = NO;
				CLANG_ANALYZER_NONNULL = YES;
				CLANG_ANALYZER_NUMBER_OBJECT_CONVERSION = YES_AGGRESSIVE;
				CLANG_CXX_LANGUAGE_STANDARD = "gnu++20";
				CLANG_ENABLE_MODULES = YES;
				CLANG_ENABLE_OBJC_ARC = YES;
				CLANG_ENABLE_OBJC_WEAK = YES;
				CLANG_WARN_BLOCK_CAPTURE_AUTORELEASING = YES;
				CLANG_WARN_BOOL_CONVERSION = YES;
				CLANG_WARN_COMMA = YES;
				CLANG_WARN_CONSTANT_CONVERSION = YES;
				CLANG_WARN_DEPRECATED_OBJC_IMPLEMENTATIONS = YES;
				CLANG_WARN_DIRECT_OBJC_ISA_USAGE = YES_ERROR;
				CLANG_WARN_DOCUMENTATION_COMMENTS = YES;
				CLANG_WARN_EMPTY_BODY = YES;
				CLANG_WARN_ENUM_CONVERSION = YES;
				CLANG_WARN_INFINITE_RECURSION = YES;
				CLANG_WARN_INT_CONVERSION = YES;
				CLANG_WARN_NON_LITERAL_NULL_CONVERSION = YES;
				CLANG_WARN_OBJC_IMPLICIT_RETAIN_SELF = YES;
				CLANG_WARN_OBJC_LITERAL_CONVERSION = YES;
				CLANG_WARN_OBJC_ROOT_CLASS = YES_ERROR;
				CLANG_WARN_QUOTED_INCLUDE_IN_FRAMEWORK_HEADER = YES;
				CLANG_WARN_RANGE_LOOP_ANALYSIS = YES;
				CLANG_WARN_STRICT_PROTOTYPES = YES;
				CLANG_WARN_SUSPICIOUS_MOVE = YES;
				CLANG_WARN_UNGUARDED_AVAILABILITY = YES_AGGRESSIVE;
				CLANG_WARN_UNREACHABLE_CODE = YES;
				CLANG_WARN__DUPLICATE_METHOD_MATCH = YES;
				COPY_PHASE_STRIP = NO;
				DEBUG_INFORMATION_FORMAT = "dwarf-with-dsym";
				ENABLE_NS_ASSERTIONS = NO;
				ENABLE_STRICT_OBJC_MSGSEND = YES;
				GCC_C_LANGUAGE_STANDARD = gnu11;
				GCC_NO_COMMON_BLOCKS = YES;
				GCC_WARN_64_TO_32_BIT_CONVERSION = YES;
				GCC_WARN_ABOUT_RETURN_TYPE = YES_ERROR;
				GCC_WARN_UNDECLARED_SELECTOR = YES;
				GCC_WARN_UNINITIALIZED_AUTOS = YES_AGGRESSIVE;
				GCC_WARN_UNUSED_FUNCTION = YES;
				GCC_WARN_UNUSED_VARIABLE = YES;
				IPHONEOS_DEPLOYMENT_TARGET = 16.4;
				MTL_ENABLE_DEBUG_INFO = NO;
				MTL_FAST_MATH = YES;
				SDKROOT = iphoneos;
				SWIFT_COMPILATION_MODE = wholemodule;
				SWIFT_OPTIMIZATION_LEVEL = "-O";
				VALIDATE_PRODUCT = YES;
			};
			name = Release;
		};
		6643E0602A2C356000E20C18 /* Debug */ = {
			isa = XCBuildConfiguration;
			baseConfigurationReference = 864071F21FAFB3D68B4238DF /* Pods-testCoin.debug.xcconfig */;
			buildSettings = {
				ASSETCATALOG_COMPILER_APPICON_NAME = AppIcon;
				ASSETCATALOG_COMPILER_GLOBAL_ACCENT_COLOR_NAME = AccentColor;
				CODE_SIGN_STYLE = Automatic;
				CURRENT_PROJECT_VERSION = 1;
				DEVELOPMENT_TEAM = VDQ7KQ3QX9;
				GENERATE_INFOPLIST_FILE = YES;
				INFOPLIST_FILE = testCoin/Info.plist;
				INFOPLIST_KEY_UIApplicationSupportsIndirectInputEvents = YES;
				INFOPLIST_KEY_UILaunchStoryboardName = LaunchScreen;
				INFOPLIST_KEY_UIMainStoryboardFile = Main;
				INFOPLIST_KEY_UISupportedInterfaceOrientations = UIInterfaceOrientationPortrait;
				INFOPLIST_KEY_UISupportedInterfaceOrientations_iPad = "UIInterfaceOrientationLandscapeLeft UIInterfaceOrientationLandscapeRight UIInterfaceOrientationPortrait UIInterfaceOrientationPortraitUpsideDown";
				LD_RUNPATH_SEARCH_PATHS = (
					"$(inherited)",
					"@executable_path/Frameworks",
				);
				MARKETING_VERSION = 1.0;
				PRODUCT_BUNDLE_IDENTIFIER = com.test.testCoin;
				PRODUCT_NAME = "$(TARGET_NAME)";
				SUPPORTED_PLATFORMS = "iphoneos iphonesimulator";
				SUPPORTS_MACCATALYST = NO;
				SUPPORTS_MAC_DESIGNED_FOR_IPHONE_IPAD = YES;
				SWIFT_EMIT_LOC_STRINGS = YES;
				SWIFT_VERSION = 5.0;
				TARGETED_DEVICE_FAMILY = 1;
			};
			name = Debug;
		};
		6643E0612A2C356000E20C18 /* Release */ = {
			isa = XCBuildConfiguration;
			baseConfigurationReference = 37BB22E1107145288EA4E1A8 /* Pods-testCoin.release.xcconfig */;
			buildSettings = {
				ASSETCATALOG_COMPILER_APPICON_NAME = AppIcon;
				ASSETCATALOG_COMPILER_GLOBAL_ACCENT_COLOR_NAME = AccentColor;
				CODE_SIGN_STYLE = Automatic;
				CURRENT_PROJECT_VERSION = 1;
				DEVELOPMENT_TEAM = VDQ7KQ3QX9;
				GENERATE_INFOPLIST_FILE = YES;
				INFOPLIST_FILE = testCoin/Info.plist;
				INFOPLIST_KEY_UIApplicationSupportsIndirectInputEvents = YES;
				INFOPLIST_KEY_UILaunchStoryboardName = LaunchScreen;
				INFOPLIST_KEY_UIMainStoryboardFile = Main;
				INFOPLIST_KEY_UISupportedInterfaceOrientations = UIInterfaceOrientationPortrait;
				INFOPLIST_KEY_UISupportedInterfaceOrientations_iPad = "UIInterfaceOrientationLandscapeLeft UIInterfaceOrientationLandscapeRight UIInterfaceOrientationPortrait UIInterfaceOrientationPortraitUpsideDown";
				LD_RUNPATH_SEARCH_PATHS = (
					"$(inherited)",
					"@executable_path/Frameworks",
				);
				MARKETING_VERSION = 1.0;
				PRODUCT_BUNDLE_IDENTIFIER = com.test.testCoin;
				PRODUCT_NAME = "$(TARGET_NAME)";
				SUPPORTED_PLATFORMS = "iphoneos iphonesimulator";
				SUPPORTS_MACCATALYST = NO;
				SUPPORTS_MAC_DESIGNED_FOR_IPHONE_IPAD = YES;
				SWIFT_EMIT_LOC_STRINGS = YES;
				SWIFT_VERSION = 5.0;
				TARGETED_DEVICE_FAMILY = 1;
			};
			name = Release;
		};
		6643E0632A2C356000E20C18 /* Debug */ = {
			isa = XCBuildConfiguration;
			baseConfigurationReference = 383D18315A74B5D9C4A45925 /* Pods-testCoinTests.debug.xcconfig */;
			buildSettings = {
				ALWAYS_EMBED_SWIFT_STANDARD_LIBRARIES = YES;
				BUNDLE_LOADER = "$(TEST_HOST)";
				CODE_SIGN_STYLE = Automatic;
				CURRENT_PROJECT_VERSION = 1;
				DEVELOPMENT_TEAM = VDQ7KQ3QX9;
				GENERATE_INFOPLIST_FILE = YES;
				IPHONEOS_DEPLOYMENT_TARGET = 16.4;
				MARKETING_VERSION = 1.0;
				PRODUCT_BUNDLE_IDENTIFIER = com.test.testCoinTests;
				PRODUCT_NAME = "$(TARGET_NAME)";
				SWIFT_EMIT_LOC_STRINGS = NO;
				SWIFT_VERSION = 5.0;
				TARGETED_DEVICE_FAMILY = "1,2";
				TEST_HOST = "$(BUILT_PRODUCTS_DIR)/testCoin.app/$(BUNDLE_EXECUTABLE_FOLDER_PATH)/testCoin";
			};
			name = Debug;
		};
		6643E0642A2C356000E20C18 /* Release */ = {
			isa = XCBuildConfiguration;
			baseConfigurationReference = 8462C44D909C26EF691BC135 /* Pods-testCoinTests.release.xcconfig */;
			buildSettings = {
				ALWAYS_EMBED_SWIFT_STANDARD_LIBRARIES = YES;
				BUNDLE_LOADER = "$(TEST_HOST)";
				CODE_SIGN_STYLE = Automatic;
				CURRENT_PROJECT_VERSION = 1;
				DEVELOPMENT_TEAM = VDQ7KQ3QX9;
				GENERATE_INFOPLIST_FILE = YES;
				IPHONEOS_DEPLOYMENT_TARGET = 16.4;
				MARKETING_VERSION = 1.0;
				PRODUCT_BUNDLE_IDENTIFIER = com.test.testCoinTests;
				PRODUCT_NAME = "$(TARGET_NAME)";
				SWIFT_EMIT_LOC_STRINGS = NO;
				SWIFT_VERSION = 5.0;
				TARGETED_DEVICE_FAMILY = "1,2";
				TEST_HOST = "$(BUILT_PRODUCTS_DIR)/testCoin.app/$(BUNDLE_EXECUTABLE_FOLDER_PATH)/testCoin";
			};
			name = Release;
		};
		6643E0662A2C356000E20C18 /* Debug */ = {
			isa = XCBuildConfiguration;
			baseConfigurationReference = 2E2391BED7D565A42FB3B0CA /* Pods-testCoin-testCoinUITests.debug.xcconfig */;
			buildSettings = {
				ALWAYS_EMBED_SWIFT_STANDARD_LIBRARIES = YES;
				CODE_SIGN_STYLE = Automatic;
				CURRENT_PROJECT_VERSION = 1;
				DEVELOPMENT_TEAM = VDQ7KQ3QX9;
				GENERATE_INFOPLIST_FILE = YES;
				MARKETING_VERSION = 1.0;
				PRODUCT_BUNDLE_IDENTIFIER = com.test.testCoinUITests;
				PRODUCT_NAME = "$(TARGET_NAME)";
				SWIFT_EMIT_LOC_STRINGS = NO;
				SWIFT_VERSION = 5.0;
				TARGETED_DEVICE_FAMILY = "1,2";
				TEST_TARGET_NAME = testCoin;
			};
			name = Debug;
		};
		6643E0672A2C356000E20C18 /* Release */ = {
			isa = XCBuildConfiguration;
			baseConfigurationReference = D1798E09E5B6F4E7D37370C5 /* Pods-testCoin-testCoinUITests.release.xcconfig */;
			buildSettings = {
				ALWAYS_EMBED_SWIFT_STANDARD_LIBRARIES = YES;
				CODE_SIGN_STYLE = Automatic;
				CURRENT_PROJECT_VERSION = 1;
				DEVELOPMENT_TEAM = VDQ7KQ3QX9;
				GENERATE_INFOPLIST_FILE = YES;
				MARKETING_VERSION = 1.0;
				PRODUCT_BUNDLE_IDENTIFIER = com.test.testCoinUITests;
				PRODUCT_NAME = "$(TARGET_NAME)";
				SWIFT_EMIT_LOC_STRINGS = NO;
				SWIFT_VERSION = 5.0;
				TARGETED_DEVICE_FAMILY = "1,2";
				TEST_TARGET_NAME = testCoin;
			};
			name = Release;
		};
/* End XCBuildConfiguration section */

/* Begin XCConfigurationList section */
		6643E0302A2C355F00E20C18 /* Build configuration list for PBXProject "testCoin" */ = {
			isa = XCConfigurationList;
			buildConfigurations = (
				6643E05D2A2C356000E20C18 /* Debug */,
				6643E05E2A2C356000E20C18 /* Release */,
			);
			defaultConfigurationIsVisible = 0;
			defaultConfigurationName = Release;
		};
		6643E05F2A2C356000E20C18 /* Build configuration list for PBXNativeTarget "testCoin" */ = {
			isa = XCConfigurationList;
			buildConfigurations = (
				6643E0602A2C356000E20C18 /* Debug */,
				6643E0612A2C356000E20C18 /* Release */,
			);
			defaultConfigurationIsVisible = 0;
			defaultConfigurationName = Release;
		};
		6643E0622A2C356000E20C18 /* Build configuration list for PBXNativeTarget "testCoinTests" */ = {
			isa = XCConfigurationList;
			buildConfigurations = (
				6643E0632A2C356000E20C18 /* Debug */,
				6643E0642A2C356000E20C18 /* Release */,
			);
			defaultConfigurationIsVisible = 0;
			defaultConfigurationName = Release;
		};
		6643E0652A2C356000E20C18 /* Build configuration list for PBXNativeTarget "testCoinUITests" */ = {
			isa = XCConfigurationList;
			buildConfigurations = (
				6643E0662A2C356000E20C18 /* Debug */,
				6643E0672A2C356000E20C18 /* Release */,
			);
			defaultConfigurationIsVisible = 0;
			defaultConfigurationName = Release;
		};
/* End XCConfigurationList section */
	};
	rootObject = 6643E02D2A2C355F00E20C18 /* Project object */;
}
